
Microsoft Visual Studio Solution File, Format Version 12.00
# Visual Studio Version 17
VisualStudioVersion = 17.8.34330.188
MinimumVisualStudioVersion = 10.0.40219.1
Project("{9A19103F-16F7-4668-BE54-9A1E7A4F7556}") = "HousekeepingBook", "HousekeepingBook.csproj", "{89588CB5-00A5-4D23-B00F-B3C047CE2EDA}"
EndProject
Project("{FAE04EC0-301F-11D3-BF4B-00C04F79EFBC}") = "HousekeepingBook.Tests", "..\HousekeepingBook.Tests\HousekeepingBook.Tests.csproj", "{32F649EC-1257-414B-8D27-918CE4638AE8}"
EndProject
Global
	GlobalSection(SolutionConfigurationPlatforms) = preSolution
		Debug|Any CPU = Debug|Any CPU
		Release|Any CPU = Release|Any CPU
	EndGlobalSection
	GlobalSection(ProjectConfigurationPlatforms) = postSolution
		{89588CB5-00A5-4D23-B00F-B3C047CE2EDA}.Debug|Any CPU.ActiveCfg = Debug|Any CPU
		{89588CB5-00A5-4D23-B00F-B3C047CE2EDA}.Debug|Any CPU.Build.0 = Debug|Any CPU
		{89588CB5-00A5-4D23-B00F-B3C047CE2EDA}.Release|Any CPU.ActiveCfg = Release|Any CPU
		{89588CB5-00A5-4D23-B00F-B3C047CE2EDA}.Release|Any CPU.Build.0 = Release|Any CPU
		{32F649EC-1257-414B-8D27-918CE4638AE8}.Debug|Any CPU.ActiveCfg = Debug|Any CPU
		{32F649EC-1257-414B-8D27-918CE4638AE8}.Debug|Any CPU.Build.0 = Debug|Any CPU
		{32F649EC-1257-414B-8D27-918CE4638AE8}.Release|Any CPU.ActiveCfg = Release|Any CPU
		{32F649EC-1257-414B-8D27-918CE4638AE8}.Release|Any CPU.Build.0 = Release|Any CPU
	EndGlobalSection
	GlobalSection(SolutionProperties) = preSolution
		HideSolutionNode = FALSE
	EndGlobalSection
	GlobalSection(ExtensibilityGlobals) = postSolution
		SolutionGuid = {A27B8D9C-01CF-4C89-8347-D2AC5E2AF68B}
	EndGlobalSection
EndGlobal
